
Microsoft Visual Studio Solution File, Format Version 12.00
# Visual Studio 15
VisualStudioVersion = 15.0.26124.0
MinimumVisualStudioVersion = 15.0.26124.0
Project("{FAE04EC0-301F-11D3-BF4B-00C04F79EFBC}") = "Interpreter", "Interpreter\Interpreter.csproj", "{6CE65BDB-02AC-4AFC-A5E7-0AB9B0095695}"
EndProject
Project("{FAE04EC0-301F-11D3-BF4B-00C04F79EFBC}") = "Interpreter.Test", "Interpreter.Test\Interpreter.Test.csproj", "{4A043668-B17B-4A7A-B721-F19960BAABB5}"
EndProject
Project("{FAE04EC0-301F-11D3-BF4B-00C04F79EFBC}") = "InterpreterCon", "InterpreterCon\InterpreterCon.csproj", "{FB360555-96D1-4321-83BB-0EB2D4CB505B}"
EndProject
Global
	GlobalSection(SolutionProperties) = preSolution
		HideSolutionNode = FALSE
	EndGlobalSection
	GlobalSection(SolutionConfigurationPlatforms) = preSolution
		Debug|Any CPU = Debug|Any CPU
		Debug|x64 = Debug|x64
		Debug|x86 = Debug|x86
		Release|Any CPU = Release|Any CPU
		Release|x64 = Release|x64
		Release|x86 = Release|x86
	EndGlobalSection
	GlobalSection(ProjectConfigurationPlatforms) = postSolution
		{6CE65BDB-02AC-4AFC-A5E7-0AB9B0095695}.Debug|Any CPU.ActiveCfg = Debug|Any CPU
		{6CE65BDB-02AC-4AFC-A5E7-0AB9B0095695}.Debug|Any CPU.Build.0 = Debug|Any CPU
		{6CE65BDB-02AC-4AFC-A5E7-0AB9B0095695}.Debug|x64.ActiveCfg = Debug|Any CPU
		{6CE65BDB-02AC-4AFC-A5E7-0AB9B0095695}.Debug|x64.Build.0 = Debug|Any CPU
		{6CE65BDB-02AC-4AFC-A5E7-0AB9B0095695}.Debug|x86.ActiveCfg = Debug|Any CPU
		{6CE65BDB-02AC-4AFC-A5E7-0AB9B0095695}.Debug|x86.Build.0 = Debug|Any CPU
		{6CE65BDB-02AC-4AFC-A5E7-0AB9B0095695}.Release|Any CPU.ActiveCfg = Release|Any CPU
		{6CE65BDB-02AC-4AFC-A5E7-0AB9B0095695}.Release|Any CPU.Build.0 = Release|Any CPU
		{6CE65BDB-02AC-4AFC-A5E7-0AB9B0095695}.Release|x64.ActiveCfg = Release|Any CPU
		{6CE65BDB-02AC-4AFC-A5E7-0AB9B0095695}.Release|x64.Build.0 = Release|Any CPU
		{6CE65BDB-02AC-4AFC-A5E7-0AB9B0095695}.Release|x86.ActiveCfg = Release|Any CPU
		{6CE65BDB-02AC-4AFC-A5E7-0AB9B0095695}.Release|x86.Build.0 = Release|Any CPU
		{4A043668-B17B-4A7A-B721-F19960BAABB5}.Debug|Any CPU.ActiveCfg = Debug|Any CPU
		{4A043668-B17B-4A7A-B721-F19960BAABB5}.Debug|Any CPU.Build.0 = Debug|Any CPU
		{4A043668-B17B-4A7A-B721-F19960BAABB5}.Debug|x64.ActiveCfg = Debug|Any CPU
		{4A043668-B17B-4A7A-B721-F19960BAABB5}.Debug|x64.Build.0 = Debug|Any CPU
		{4A043668-B17B-4A7A-B721-F19960BAABB5}.Debug|x86.ActiveCfg = Debug|Any CPU
		{4A043668-B17B-4A7A-B721-F19960BAABB5}.Debug|x86.Build.0 = Debug|Any CPU
		{4A043668-B17B-4A7A-B721-F19960BAABB5}.Release|Any CPU.ActiveCfg = Release|Any CPU
		{4A043668-B17B-4A7A-B721-F19960BAABB5}.Release|Any CPU.Build.0 = Release|Any CPU
		{4A043668-B17B-4A7A-B721-F19960BAABB5}.Release|x64.ActiveCfg = Release|Any CPU
		{4A043668-B17B-4A7A-B721-F19960BAABB5}.Release|x64.Build.0 = Release|Any CPU
		{4A043668-B17B-4A7A-B721-F19960BAABB5}.Release|x86.ActiveCfg = Release|Any CPU
		{4A043668-B17B-4A7A-B721-F19960BAABB5}.Release|x86.Build.0 = Release|Any CPU
		{FB360555-96D1-4321-83BB-0EB2D4CB505B}.Debug|Any CPU.ActiveCfg = Debug|Any CPU
		{FB360555-96D1-4321-83BB-0EB2D4CB505B}.Debug|Any CPU.Build.0 = Debug|Any CPU
		{FB360555-96D1-4321-83BB-0EB2D4CB505B}.Debug|x64.ActiveCfg = Debug|Any CPU
		{FB360555-96D1-4321-83BB-0EB2D4CB505B}.Debug|x64.Build.0 = Debug|Any CPU
		{FB360555-96D1-4321-83BB-0EB2D4CB505B}.Debug|x86.ActiveCfg = Debug|Any CPU
		{FB360555-96D1-4321-83BB-0EB2D4CB505B}.Debug|x86.Build.0 = Debug|Any CPU
		{FB360555-96D1-4321-83BB-0EB2D4CB505B}.Release|Any CPU.ActiveCfg = Release|Any CPU
		{FB360555-96D1-4321-83BB-0EB2D4CB505B}.Release|Any CPU.Build.0 = Release|Any CPU
		{FB360555-96D1-4321-83BB-0EB2D4CB505B}.Release|x64.ActiveCfg = Release|Any CPU
		{FB360555-96D1-4321-83BB-0EB2D4CB505B}.Release|x64.Build.0 = Release|Any CPU
		{FB360555-96D1-4321-83BB-0EB2D4CB505B}.Release|x86.ActiveCfg = Release|Any CPU
		{FB360555-96D1-4321-83BB-0EB2D4CB505B}.Release|x86.Build.0 = Release|Any CPU
	EndGlobalSection
EndGlobal
