
Microsoft Visual Studio Solution File, Format Version 12.00
# Visual Studio 15
VisualStudioVersion = 15.0.26124.0
MinimumVisualStudioVersion = 15.0.26124.0
Project("{FAE04EC0-301F-11D3-BF4B-00C04F79EFBC}") = "Interpreter", "Interpreter\Interpreter.csproj", "{AED405AC-C41E-44CE-99E3-1E38034C026F}"
EndProject
Project("{FAE04EC0-301F-11D3-BF4B-00C04F79EFBC}") = "Interpreter.Test", "Interpreter.Test\Interpreter.Test.csproj", "{4064BFD0-3619-4801-A869-28D97EF9DF28}"
EndProject
Project("{FAE04EC0-301F-11D3-BF4B-00C04F79EFBC}") = "InterpreterCon", "InterpreterCon\InterpreterCon.csproj", "{81119DB4-8009-4307-AADF-219BC77E1D87}"
EndProject
Global
	GlobalSection(SolutionConfigurationPlatforms) = preSolution
		Debug|Any CPU = Debug|Any CPU
		Debug|x64 = Debug|x64
		Debug|x86 = Debug|x86
		Release|Any CPU = Release|Any CPU
		Release|x64 = Release|x64
		Release|x86 = Release|x86
	EndGlobalSection
	GlobalSection(SolutionProperties) = preSolution
		HideSolutionNode = FALSE
	EndGlobalSection
	GlobalSection(ProjectConfigurationPlatforms) = postSolution
		{AED405AC-C41E-44CE-99E3-1E38034C026F}.Debug|Any CPU.ActiveCfg = Debug|Any CPU
		{AED405AC-C41E-44CE-99E3-1E38034C026F}.Debug|Any CPU.Build.0 = Debug|Any CPU
		{AED405AC-C41E-44CE-99E3-1E38034C026F}.Debug|x64.ActiveCfg = Debug|Any CPU
		{AED405AC-C41E-44CE-99E3-1E38034C026F}.Debug|x64.Build.0 = Debug|Any CPU
		{AED405AC-C41E-44CE-99E3-1E38034C026F}.Debug|x86.ActiveCfg = Debug|Any CPU
		{AED405AC-C41E-44CE-99E3-1E38034C026F}.Debug|x86.Build.0 = Debug|Any CPU
		{AED405AC-C41E-44CE-99E3-1E38034C026F}.Release|Any CPU.ActiveCfg = Release|Any CPU
		{AED405AC-C41E-44CE-99E3-1E38034C026F}.Release|Any CPU.Build.0 = Release|Any CPU
		{AED405AC-C41E-44CE-99E3-1E38034C026F}.Release|x64.ActiveCfg = Release|Any CPU
		{AED405AC-C41E-44CE-99E3-1E38034C026F}.Release|x64.Build.0 = Release|Any CPU
		{AED405AC-C41E-44CE-99E3-1E38034C026F}.Release|x86.ActiveCfg = Release|Any CPU
		{AED405AC-C41E-44CE-99E3-1E38034C026F}.Release|x86.Build.0 = Release|Any CPU
		{4064BFD0-3619-4801-A869-28D97EF9DF28}.Debug|Any CPU.ActiveCfg = Debug|Any CPU
		{4064BFD0-3619-4801-A869-28D97EF9DF28}.Debug|Any CPU.Build.0 = Debug|Any CPU
		{4064BFD0-3619-4801-A869-28D97EF9DF28}.Debug|x64.ActiveCfg = Debug|Any CPU
		{4064BFD0-3619-4801-A869-28D97EF9DF28}.Debug|x64.Build.0 = Debug|Any CPU
		{4064BFD0-3619-4801-A869-28D97EF9DF28}.Debug|x86.ActiveCfg = Debug|Any CPU
		{4064BFD0-3619-4801-A869-28D97EF9DF28}.Debug|x86.Build.0 = Debug|Any CPU
		{4064BFD0-3619-4801-A869-28D97EF9DF28}.Release|Any CPU.ActiveCfg = Release|Any CPU
		{4064BFD0-3619-4801-A869-28D97EF9DF28}.Release|Any CPU.Build.0 = Release|Any CPU
		{4064BFD0-3619-4801-A869-28D97EF9DF28}.Release|x64.ActiveCfg = Release|Any CPU
		{4064BFD0-3619-4801-A869-28D97EF9DF28}.Release|x64.Build.0 = Release|Any CPU
		{4064BFD0-3619-4801-A869-28D97EF9DF28}.Release|x86.ActiveCfg = Release|Any CPU
		{4064BFD0-3619-4801-A869-28D97EF9DF28}.Release|x86.Build.0 = Release|Any CPU
		{81119DB4-8009-4307-AADF-219BC77E1D87}.Debug|Any CPU.ActiveCfg = Debug|Any CPU
		{81119DB4-8009-4307-AADF-219BC77E1D87}.Debug|Any CPU.Build.0 = Debug|Any CPU
		{81119DB4-8009-4307-AADF-219BC77E1D87}.Debug|x64.ActiveCfg = Debug|Any CPU
		{81119DB4-8009-4307-AADF-219BC77E1D87}.Debug|x64.Build.0 = Debug|Any CPU
		{81119DB4-8009-4307-AADF-219BC77E1D87}.Debug|x86.ActiveCfg = Debug|Any CPU
		{81119DB4-8009-4307-AADF-219BC77E1D87}.Debug|x86.Build.0 = Debug|Any CPU
		{81119DB4-8009-4307-AADF-219BC77E1D87}.Release|Any CPU.ActiveCfg = Release|Any CPU
		{81119DB4-8009-4307-AADF-219BC77E1D87}.Release|Any CPU.Build.0 = Release|Any CPU
		{81119DB4-8009-4307-AADF-219BC77E1D87}.Release|x64.ActiveCfg = Release|Any CPU
		{81119DB4-8009-4307-AADF-219BC77E1D87}.Release|x64.Build.0 = Release|Any CPU
		{81119DB4-8009-4307-AADF-219BC77E1D87}.Release|x86.ActiveCfg = Release|Any CPU
		{81119DB4-8009-4307-AADF-219BC77E1D87}.Release|x86.Build.0 = Release|Any CPU
	EndGlobalSection
EndGlobal
